// !$*UTF8*$!
{
	archiveVersion = 1;
	classes = {
	};
	objectVersion = 46;
	objects = {

/* Begin PBXBuildFile section */
		405C51571B8D2F3000F3940F /* PantsPlugin.m in Sources */ = {isa = PBXBuildFile; fileRef = 405C51561B8D2F3000F3940F /* PantsPlugin.m */; settings = {ASSET_TAGS = (); }; };
/* End PBXBuildFile section */

/* Begin PBXFileReference section */
		405C51491B8D2DFF00F3940F /* CodaPants.codaplugin */ = {isa = PBXFileReference; explicitFileType = wrapper.cfbundle; includeInIndex = 0; path = CodaPants.codaplugin; sourceTree = BUILT_PRODUCTS_DIR; };
		405C514C1B8D2DFF00F3940F /* Info.plist */ = {isa = PBXFileReference; lastKnownFileType = text.plist.xml; path = Info.plist; sourceTree = "<group>"; };
		405C51521B8D2ECC00F3940F /* CodaPlugInsController.h */ = {isa = PBXFileReference; fileEncoding = 4; lastKnownFileType = sourcecode.c.h; path = CodaPlugInsController.h; sourceTree = "<group>"; };
		405C51561B8D2F3000F3940F /* PantsPlugin.m */ = {isa = PBXFileReference; fileEncoding = 4; lastKnownFileType = sourcecode.c.objc; name = PantsPlugin.m; path = ../PantsPlugin.m; sourceTree = "<group>"; };
/* End PBXFileReference section */

/* Begin PBXFrameworksBuildPhase section */
		405C51461B8D2DFF00F3940F /* Frameworks */ = {
			isa = PBXFrameworksBuildPhase;
			buildActionMask = 2147483647;
			files = (
			);
			runOnlyForDeploymentPostprocessing = 0;
		};
/* End PBXFrameworksBuildPhase section */

/* Begin PBXGroup section */
		405C51401B8D2DFF00F3940F = {
			isa = PBXGroup;
			children = (
				405C514B1B8D2DFF00F3940F /* CodaPants */,
				405C514A1B8D2DFF00F3940F /* Products */,
			);
			sourceTree = "<group>";
		};
		405C514A1B8D2DFF00F3940F /* Products */ = {
			isa = PBXGroup;
			children = (
				405C51491B8D2DFF00F3940F /* CodaPants.codaplugin */,
			);
			name = Products;
			sourceTree = "<group>";
		};
		405C514B1B8D2DFF00F3940F /* CodaPants */ = {
			isa = PBXGroup;
			children = (
				405C514C1B8D2DFF00F3940F /* Info.plist */,
				405C51561B8D2F3000F3940F /* PantsPlugin.m */,
				405C51521B8D2ECC00F3940F /* CodaPlugInsController.h */,
			);
			path = CodaPants;
			sourceTree = "<group>";
		};
/* End PBXGroup section */

/* Begin PBXNativeTarget section */
		405C51481B8D2DFF00F3940F /* CodaPants */ = {
			isa = PBXNativeTarget;
			buildConfigurationList = 405C514F1B8D2DFF00F3940F /* Build configuration list for PBXNativeTarget "CodaPants" */;
			buildPhases = (
				405C51451B8D2DFF00F3940F /* Sources */,
				405C51461B8D2DFF00F3940F /* Frameworks */,
				405C51471B8D2DFF00F3940F /* Resources */,
			);
			buildRules = (
			);
			dependencies = (
			);
			name = CodaPants;
			productName = CodaPants;
			productReference = 405C51491B8D2DFF00F3940F /* CodaPants.codaplugin */;
			productType = "com.apple.product-type.bundle";
		};
/* End PBXNativeTarget section */

/* Begin PBXProject section */
		405C51411B8D2DFF00F3940F /* Project object */ = {
			isa = PBXProject;
			attributes = {
				LastUpgradeCheck = 0700;
				ORGANIZATIONNAME = bjoli.com;
				TargetAttributes = {
					405C51481B8D2DFF00F3940F = {
						CreatedOnToolsVersion = 7.0;
					};
				};
			};
			buildConfigurationList = 405C51441B8D2DFF00F3940F /* Build configuration list for PBXProject "CodaPants" */;
			compatibilityVersion = "Xcode 3.2";
			developmentRegion = English;
			hasScannedForEncodings = 0;
			knownRegions = (
				en,
			);
			mainGroup = 405C51401B8D2DFF00F3940F;
			productRefGroup = 405C514A1B8D2DFF00F3940F /* Products */;
			projectDirPath = "";
			projectRoot = "";
			targets = (
				405C51481B8D2DFF00F3940F /* CodaPants */,
			);
		};
/* End PBXProject section */

/* Begin PBXResourcesBuildPhase section */
		405C51471B8D2DFF00F3940F /* Resources */ = {
			isa = PBXResourcesBuildPhase;
			buildActionMask = 2147483647;
			files = (
			);
			runOnlyForDeploymentPostprocessing = 0;
		};
/* End PBXResourcesBuildPhase section */

/* Begin PBXSourcesBuildPhase section */
		405C51451B8D2DFF00F3940F /* Sources */ = {
			isa = PBXSourcesBuildPhase;
			buildActionMask = 2147483647;
			files = (
				405C51571B8D2F3000F3940F /* PantsPlugin.m in Sources */,
			);
			runOnlyForDeploymentPostprocessing = 0;
		};
/* End PBXSourcesBuildPhase section */

/* Begin XCBuildConfiguration section */
		405C514D1B8D2DFF00F3940F /* Debug */ = {
			isa = XCBuildConfiguration;
			buildSettings = {
				ALWAYS_SEARCH_USER_PATHS = NO;
				CLANG_CXX_LANGUAGE_STANDARD = "gnu++0x";
				CLANG_CXX_LIBRARY = "libc++";
				CLANG_ENABLE_MODULES = YES;
				CLANG_ENABLE_OBJC_ARC = YES;
				CLANG_WARN_BOOL_CONVERSION = YES;
				CLANG_WARN_CONSTANT_CONVERSION = YES;
				CLANG_WARN_DIRECT_OBJC_ISA_USAGE = YES_ERROR;
				CLANG_WARN_EMPTY_BODY = YES;
				CLANG_WARN_ENUM_CONVERSION = YES;
				CLANG_WARN_INT_CONVERSION = YES;
				CLANG_WARN_OBJC_ROOT_CLASS = YES_ERROR;
				CLANG_WARN_UNREACHABLE_CODE = YES;
				CLANG_WARN__DUPLICATE_METHOD_MATCH = YES;
				COPY_PHASE_STRIP = NO;
				DEBUG_INFORMATION_FORMAT = dwarf;
				ENABLE_STRICT_OBJC_MSGSEND = YES;
				ENABLE_TESTABILITY = YES;
				GCC_C_LANGUAGE_STANDARD = gnu99;
				GCC_DYNAMIC_NO_PIC = NO;
				GCC_NO_COMMON_BLOCKS = YES;
				GCC_OPTIMIZATION_LEVEL = 0;
				GCC_PREPROCESSOR_DEFINITIONS = (
					"DEBUG=1",
					"$(inherited)",
				);
				GCC_WARN_64_TO_32_BIT_CONVERSION = YES;
				GCC_WARN_ABOUT_RETURN_TYPE = YES_ERROR;
				GCC_WARN_UNDECLARED_SELECTOR = YES;
				GCC_WARN_UNINITIALIZED_AUTOS = YES_AGGRESSIVE;
				GCC_WARN_UNUSED_FUNCTION = YES;
				GCC_WARN_UNUSED_VARIABLE = YES;
				MACOSX_DEPLOYMENT_TARGET = 10.10;
				MTL_ENABLE_DEBUG_INFO = YES;
				ONLY_ACTIVE_ARCH = YES;
				SDKROOT = macosx;
			};
			name = Debug;
		};
		405C514E1B8D2DFF00F3940F /* Release */ = {
			isa = XCBuildConfiguration;
			buildSettings = {
				ALWAYS_SEARCH_USER_PATHS = NO;
				CLANG_CXX_LANGUAGE_STANDARD = "gnu++0x";
				CLANG_CXX_LIBRARY = "libc++";
				CLANG_ENABLE_MODULES = YES;
				CLANG_ENABLE_OBJC_ARC = YES;
				CLANG_WARN_BOOL_CONVERSION = YES;
				CLANG_WARN_CONSTANT_CONVERSION = YES;
				CLANG_WARN_DIRECT_OBJC_ISA_USAGE = YES_ERROR;
				CLANG_WARN_EMPTY_BODY = YES;
				CLANG_WARN_ENUM_CONVERSION = YES;
				CLANG_WARN_INT_CONVERSION = YES;
				CLANG_WARN_OBJC_ROOT_CLASS = YES_ERROR;
				CLANG_WARN_UNREACHABLE_CODE = YES;
				CLANG_WARN__DUPLICATE_METHOD_MATCH = YES;
				COPY_PHASE_STRIP = NO;
				DEBUG_INFORMATION_FORMAT = "dwarf-with-dsym";
				ENABLE_NS_ASSERTIONS = NO;
				ENABLE_STRICT_OBJC_MSGSEND = YES;
				GCC_C_LANGUAGE_STANDARD = gnu99;
				GCC_NO_COMMON_BLOCKS = YES;
				GCC_WARN_64_TO_32_BIT_CONVERSION = YES;
				GCC_WARN_ABOUT_RETURN_TYPE = YES_ERROR;
				GCC_WARN_UNDECLARED_SELECTOR = YES;
				GCC_WARN_UNINITIALIZED_AUTOS = YES_AGGRESSIVE;
				GCC_WARN_UNUSED_FUNCTION = YES;
				GCC_WARN_UNUSED_VARIABLE = YES;
				MACOSX_DEPLOYMENT_TARGET = 10.10;
				MTL_ENABLE_DEBUG_INFO = NO;
				SDKROOT = macosx;
			};
			name = Release;
		};
		405C51501B8D2DFF00F3940F /* Debug */ = {
			isa = XCBuildConfiguration;
			buildSettings = {
				COMBINE_HIDPI_IMAGES = YES;
				INFOPLIST_FILE = CodaPants/Info.plist;
				INSTALL_PATH = "$(LOCAL_LIBRARY_DIR)/Bundles";
				PRODUCT_BUNDLE_IDENTIFIER = com.bjoli.CodaPants;
				PRODUCT_NAME = "$(TARGET_NAME)";
				SKIP_INSTALL = YES;
				WRAPPER_EXTENSION = codaplugin;
			};
			name = Debug;
		};
		405C51511B8D2DFF00F3940F /* Release */ = {
			isa = XCBuildConfiguration;
			buildSettings = {
				COMBINE_HIDPI_IMAGES = YES;
				INFOPLIST_FILE = CodaPants/Info.plist;
				INSTALL_PATH = "$(LOCAL_LIBRARY_DIR)/Bundles";
				PRODUCT_BUNDLE_IDENTIFIER = com.bjoli.CodaPants;
				PRODUCT_NAME = "$(TARGET_NAME)";
				SKIP_INSTALL = YES;
				WRAPPER_EXTENSION = codaplugin;
			};
			name = Release;
		};
/* End XCBuildConfiguration section */

/* Begin XCConfigurationList section */
		405C51441B8D2DFF00F3940F /* Build configuration list for PBXProject "CodaPants" */ = {
			isa = XCConfigurationList;
			buildConfigurations = (
				405C514D1B8D2DFF00F3940F /* Debug */,
				405C514E1B8D2DFF00F3940F /* Release */,
			);
			defaultConfigurationIsVisible = 0;
			defaultConfigurationName = Release;
		};
		405C514F1B8D2DFF00F3940F /* Build configuration list for PBXNativeTarget "CodaPants" */ = {
			isa = XCConfigurationList;
			buildConfigurations = (
				405C51501B8D2DFF00F3940F /* Debug */,
				405C51511B8D2DFF00F3940F /* Release */,
			);
			defaultConfigurationIsVisible = 0;
		};
/* End XCConfigurationList section */
	};
	rootObject = 405C51411B8D2DFF00F3940F /* Project object */;
}
